
Microsoft Visual Studio Solution File, Format Version 12.00
# Visual Studio Version 17
VisualStudioVersion = 17.10.35027.167
MinimumVisualStudioVersion = 10.0.40219.1
Project("{FAE04EC0-301F-11D3-BF4B-00C04F79EFBC}") = "CompanySystemWebAPI", "CompanySystemWebAPI\CompanySystemWebAPI.csproj", "{8997508B-C1F2-4F67-9B6F-BD9765905798}"
EndProject
Global
	GlobalSection(SolutionConfigurationPlatforms) = preSolution
		Debug|Any CPU = Debug|Any CPU
		Release|Any CPU = Release|Any CPU
	EndGlobalSection
	GlobalSection(ProjectConfigurationPlatforms) = postSolution
		{8997508B-C1F2-4F67-9B6F-BD9765905798}.Debug|Any CPU.ActiveCfg = Debug|Any CPU
		{8997508B-C1F2-4F67-9B6F-BD9765905798}.Debug|Any CPU.Build.0 = Debug|Any CPU
		{8997508B-C1F2-4F67-9B6F-BD9765905798}.Release|Any CPU.ActiveCfg = Release|Any CPU
		{8997508B-C1F2-4F67-9B6F-BD9765905798}.Release|Any CPU.Build.0 = Release|Any CPU
	EndGlobalSection
	GlobalSection(SolutionProperties) = preSolution
		HideSolutionNode = FALSE
	EndGlobalSection
	GlobalSection(ExtensibilityGlobals) = postSolution
		SolutionGuid = {0A3CDE53-EFD3-48BA-93CE-93C808070BF2}
	EndGlobalSection
EndGlobal
